# This file was autogenerated by Stack.
# You should not edit this file by hand.
# For more information, please see the documentation at:
#   https://docs.haskellstack.org/en/stable/lock_files

packages:
- completed:
    size: 555204
    url: https://github.com/xmonad/xmonad-contrib/archive/252e6e4d0074dcd0eda531177ac2e17939a9d3d7.tar.gz
    name: xmonad-contrib
    version: '0.16'
    sha256: c1540a74e32de4f922d4fd75c55b146f4ff22633d9656c4266391c3bc40b32c6
    pantry-tree:
      size: 20376
      sha256: 253a170dce7fa121aa8ca69b8b55121cc141505c8a13259ca859d4cc0ff81f79
  original:
    url: https://github.com/xmonad/xmonad-contrib/archive/252e6e4d0074dcd0eda531177ac2e17939a9d3d7.tar.gz
- completed:
    size: 73816
    url: https://github.com/xmonad/xmonad/archive/78b967198b70373f27291b232e10470ca7748d6f.tar.gz
    name: xmonad
    version: '0.15'
    sha256: 2196dbbe3cabb912a74a467368b6f1a12ba2ceac747c0f7bbff163d5a42b34e3
    pantry-tree:
      size: 2978
      sha256: e9f62b2ecd3fd1674be71373bfd4025973b18ca9ccde57f18fcb533dec8b7707
  original:
    url: https://github.com/xmonad/xmonad/archive/78b967198b70373f27291b232e10470ca7748d6f.tar.gz
snapshots:
- completed:
    size: 524164
    url: https://raw.githubusercontent.com/commercialhaskell/stackage-snapshots/master/lts/14/22.yaml
    sha256: 7ad8f33179b32d204165a3a662c6269464a47a7e65a30abc38d01b5a38ec42c0
  original: lts-14.22
