# This file was autogenerated by Stack.
# You should not edit this file by hand.
# For more information, please see the documentation at:
#   https://docs.haskellstack.org/en/stable/lock_files

packages:
- completed:
    hackage: xmonad-contrib-0.16@sha256:a47da91613dc8e04c040424ab605acb2e8693bcf76e397f924b39af89b954da1,15927
    pantry-tree:
      size: 19578
      sha256: 934bc533bb08aebb72e51cb0fa5aab9e27e5c6c25a0a1edaa2c76058f8771167
  original:
    hackage: xmonad-contrib-0.16@sha256:a47da91613dc8e04c040424ab605acb2e8693bcf76e397f924b39af89b954da1
snapshots:
- completed:
    size: 524164
    url: https://raw.githubusercontent.com/commercialhaskell/stackage-snapshots/master/lts/14/22.yaml
    sha256: 7ad8f33179b32d204165a3a662c6269464a47a7e65a30abc38d01b5a38ec42c0
  original: lts-14.22
